
Microsoft Visual Studio Solution File, Format Version 12.00
# Visual Studio Version 17
VisualStudioVersion = 17.3.32819.101
MinimumVisualStudioVersion = 10.0.40219.1
Project("{FAE04EC0-301F-11D3-BF4B-00C04F79EFBC}") = "SideBar", "SideBar.csproj", "{2CFE4EDB-5AD4-40D7-98F7-268F4777AF33}"
EndProject
Global
	GlobalSection(SolutionConfigurationPlatforms) = preSolution
		Debug|Any CPU = Debug|Any CPU
		Release|Any CPU = Release|Any CPU
	EndGlobalSection
	GlobalSection(ProjectConfigurationPlatforms) = postSolution
		{2CFE4EDB-5AD4-40D7-98F7-268F4777AF33}.Debug|Any CPU.ActiveCfg = Debug|Any CPU
		{2CFE4EDB-5AD4-40D7-98F7-268F4777AF33}.Debug|Any CPU.Build.0 = Debug|Any CPU
		{2CFE4EDB-5AD4-40D7-98F7-268F4777AF33}.Release|Any CPU.ActiveCfg = Release|Any CPU
		{2CFE4EDB-5AD4-40D7-98F7-268F4777AF33}.Release|Any CPU.Build.0 = Release|Any CPU
	EndGlobalSection
	GlobalSection(SolutionProperties) = preSolution
		HideSolutionNode = FALSE
	EndGlobalSection
	GlobalSection(ExtensibilityGlobals) = postSolution
		SolutionGuid = {EEADCCD1-B84A-4A5E-9984-8C828AD7A21B}
	EndGlobalSection
EndGlobal
